// !$*UTF8*$!
{
	archiveVersion = 1;
	classes = {
	};
	objectVersion = 46;
	objects = {

/* Begin PBXBuildFile section */
		4F0216E514D1F3850027DF89 /* GNNewFileEntryViewController.m in Sources */ = {isa = PBXBuildFile; fileRef = 4F0216E314D1F3850027DF89 /* GNNewFileEntryViewController.m */; };
		4F0216E614D1F3850027DF89 /* GNNewFileEntryViewController.xib in Resources */ = {isa = PBXBuildFile; fileRef = 4F0216E414D1F3850027DF89 /* GNNewFileEntryViewController.xib */; };
		4F1F049F14E1B128008619C0 /* GNTextCaretView.m in Sources */ = {isa = PBXBuildFile; fileRef = 4F1F049814E1B127008619C0 /* GNTextCaretView.m */; };
		4F1F04A014E1B128008619C0 /* GNTextInnerView.m in Sources */ = {isa = PBXBuildFile; fileRef = 4F1F049A14E1B127008619C0 /* GNTextInnerView.m */; };
		4F1F04A114E1B128008619C0 /* GNTextRange.m in Sources */ = {isa = PBXBuildFile; fileRef = 4F1F049C14E1B127008619C0 /* GNTextRange.m */; };
		4F1F04A214E1B128008619C0 /* GNTextView.m in Sources */ = {isa = PBXBuildFile; fileRef = 4F1F049E14E1B128008619C0 /* GNTextView.m */; };
		4F21143614DCF097001EE6C9 /* CoreText.framework in Frameworks */ = {isa = PBXBuildFile; fileRef = 4F21143514DCF096001EE6C9 /* CoreText.framework */; };
		4F21143A14DCF0C8001EE6C9 /* GNTextViewController.m in Sources */ = {isa = PBXBuildFile; fileRef = 4F21143814DCF0C8001EE6C9 /* GNTextViewController.m */; };
		4F21143B14DCF0C8001EE6C9 /* GNTextViewController.xib in Resources */ = {isa = PBXBuildFile; fileRef = 4F21143914DCF0C8001EE6C9 /* GNTextViewController.xib */; };
		4F293B7C14CCE88100020A09 /* UIKit.framework in Frameworks */ = {isa = PBXBuildFile; fileRef = 4F293B7B14CCE88100020A09 /* UIKit.framework */; };
		4F293B7E14CCE88100020A09 /* Foundation.framework in Frameworks */ = {isa = PBXBuildFile; fileRef = 4F293B7D14CCE88100020A09 /* Foundation.framework */; };
		4F293B8014CCE88100020A09 /* CoreGraphics.framework in Frameworks */ = {isa = PBXBuildFile; fileRef = 4F293B7F14CCE88100020A09 /* CoreGraphics.framework */; };
		4F293B8214CCE88100020A09 /* CoreData.framework in Frameworks */ = {isa = PBXBuildFile; fileRef = 4F293B8114CCE88100020A09 /* CoreData.framework */; };
		4F293B8814CCE88100020A09 /* InfoPlist.strings in Resources */ = {isa = PBXBuildFile; fileRef = 4F293B8614CCE88100020A09 /* InfoPlist.strings */; };
		4F293B8A14CCE88100020A09 /* main.m in Sources */ = {isa = PBXBuildFile; fileRef = 4F293B8914CCE88100020A09 /* main.m */; };
		4F293B8E14CCE88100020A09 /* GNAppDelegate.m in Sources */ = {isa = PBXBuildFile; fileRef = 4F293B8D14CCE88100020A09 /* GNAppDelegate.m */; };
		4F293B9114CCE88100020A09 /* Genesis.xcdatamodeld in Sources */ = {isa = PBXBuildFile; fileRef = 4F293B8F14CCE88100020A09 /* Genesis.xcdatamodeld */; };
		4F293B9914CCE88100020A09 /* SenTestingKit.framework in Frameworks */ = {isa = PBXBuildFile; fileRef = 4F293B9814CCE88100020A09 /* SenTestingKit.framework */; };
		4F293B9A14CCE88100020A09 /* UIKit.framework in Frameworks */ = {isa = PBXBuildFile; fileRef = 4F293B7B14CCE88100020A09 /* UIKit.framework */; };
		4F293B9B14CCE88100020A09 /* Foundation.framework in Frameworks */ = {isa = PBXBuildFile; fileRef = 4F293B7D14CCE88100020A09 /* Foundation.framework */; };
		4F293B9C14CCE88100020A09 /* CoreData.framework in Frameworks */ = {isa = PBXBuildFile; fileRef = 4F293B8114CCE88100020A09 /* CoreData.framework */; };
		4F293BA414CCE88100020A09 /* InfoPlist.strings in Resources */ = {isa = PBXBuildFile; fileRef = 4F293BA214CCE88100020A09 /* InfoPlist.strings */; };
		4F293BA714CCE88100020A09 /* GenesisTests.m in Sources */ = {isa = PBXBuildFile; fileRef = 4F293BA614CCE88100020A09 /* GenesisTests.m */; };
		4F3E372014CFA90D00E91A1A /* GNDirectoryViewController.m in Sources */ = {isa = PBXBuildFile; fileRef = 4F3E371E14CFA90D00E91A1A /* GNDirectoryViewController.m */; };
		4F3E372114CFA90D00E91A1A /* GNDirectoryViewController.xib in Resources */ = {isa = PBXBuildFile; fileRef = 4F3E371F14CFA90D00E91A1A /* GNDirectoryViewController.xib */; };
		4F3E372614CFAC1100E91A1A /* GNDirectoryContentsTableViewController.m in Sources */ = {isa = PBXBuildFile; fileRef = 4F3E372514CFAC1100E91A1A /* GNDirectoryContentsTableViewController.m */; };
		4F3E372914CFB6BC00E91A1A /* GNDirectoryContentsTableViewCell.m in Sources */ = {isa = PBXBuildFile; fileRef = 4F3E372814CFB6BB00E91A1A /* GNDirectoryContentsTableViewCell.m */; };
		4F73FA6E14CF293A00976824 /* GNProject.m in Sources */ = {isa = PBXBuildFile; fileRef = 4F73FA6D14CF293A00976824 /* GNProject.m */; };
		4F77E8BC14E4B8C0001A69E8 /* QuartzCore.framework in Frameworks */ = {isa = PBXBuildFile; fileRef = 4F77E8BB14E4B8C0001A69E8 /* QuartzCore.framework */; };
		4F77E8CE14E4BB53001A69E8 /* libDTCoreText.a in Frameworks */ = {isa = PBXBuildFile; fileRef = 4F77E8CD14E4BB53001A69E8 /* libDTCoreText.a */; };
		4F77E8D114E4BB80001A69E8 /* libxml2.dylib in Frameworks */ = {isa = PBXBuildFile; fileRef = 4F77E8D014E4BB80001A69E8 /* libxml2.dylib */; };
		4F77E90014E4C30D001A69E8 /* ImageIO.framework in Frameworks */ = {isa = PBXBuildFile; fileRef = 4F77E8FF14E4C30D001A69E8 /* ImageIO.framework */; };
		4FFDA03A14CCEB3500422FF5 /* GNProjectBrowserViewController.m in Sources */ = {isa = PBXBuildFile; fileRef = 4FFDA03814CCEB3500422FF5 /* GNProjectBrowserViewController.m */; };
		4FFDA03B14CCEB3500422FF5 /* GNProjectBrowserViewController.xib in Resources */ = {isa = PBXBuildFile; fileRef = 4FFDA03914CCEB3500422FF5 /* GNProjectBrowserViewController.xib */; };
		4FFDA04014CCEC4500422FF5 /* GNProjectBrowserTableViewController.m in Sources */ = {isa = PBXBuildFile; fileRef = 4FFDA03F14CCEC4500422FF5 /* GNProjectBrowserTableViewController.m */; };
		4FFDA04414CCF2E300422FF5 /* GNNewProjectViewController.m in Sources */ = {isa = PBXBuildFile; fileRef = 4FFDA04214CCF2E300422FF5 /* GNNewProjectViewController.m */; };
		4FFDA04514CCF2E300422FF5 /* GNNewProjectViewController.xib in Resources */ = {isa = PBXBuildFile; fileRef = 4FFDA04314CCF2E300422FF5 /* GNNewProjectViewController.xib */; };
/* End PBXBuildFile section */

/* Begin PBXContainerItemProxy section */
		4F293B9D14CCE88100020A09 /* PBXContainerItemProxy */ = {
			isa = PBXContainerItemProxy;
			containerPortal = 4F293B6E14CCE88100020A09 /* Project object */;
			proxyType = 1;
			remoteGlobalIDString = 4F293B7614CCE88100020A09;
			remoteInfo = Genesis;
		};
/* End PBXContainerItemProxy section */

/* Begin PBXFileReference section */
		4F0216E214D1F3850027DF89 /* GNNewFileEntryViewController.h */ = {isa = PBXFileReference; fileEncoding = 4; lastKnownFileType = sourcecode.c.h; path = GNNewFileEntryViewController.h; sourceTree = "<group>"; };
		4F0216E314D1F3850027DF89 /* GNNewFileEntryViewController.m */ = {isa = PBXFileReference; fileEncoding = 4; lastKnownFileType = sourcecode.c.objc; path = GNNewFileEntryViewController.m; sourceTree = "<group>"; };
		4F0216E414D1F3850027DF89 /* GNNewFileEntryViewController.xib */ = {isa = PBXFileReference; fileEncoding = 4; lastKnownFileType = file.xib; path = GNNewFileEntryViewController.xib; sourceTree = "<group>"; };
		4F1F049714E1B127008619C0 /* GNTextCaretView.h */ = {isa = PBXFileReference; fileEncoding = 4; lastKnownFileType = sourcecode.c.h; path = GNTextCaretView.h; sourceTree = "<group>"; };
		4F1F049814E1B127008619C0 /* GNTextCaretView.m */ = {isa = PBXFileReference; fileEncoding = 4; lastKnownFileType = sourcecode.c.objc; path = GNTextCaretView.m; sourceTree = "<group>"; };
		4F1F049914E1B127008619C0 /* GNTextInnerView.h */ = {isa = PBXFileReference; fileEncoding = 4; lastKnownFileType = sourcecode.c.h; path = GNTextInnerView.h; sourceTree = "<group>"; };
		4F1F049A14E1B127008619C0 /* GNTextInnerView.m */ = {isa = PBXFileReference; fileEncoding = 4; lastKnownFileType = sourcecode.c.objc; path = GNTextInnerView.m; sourceTree = "<group>"; };
		4F1F049B14E1B127008619C0 /* GNTextRange.h */ = {isa = PBXFileReference; fileEncoding = 4; lastKnownFileType = sourcecode.c.h; path = GNTextRange.h; sourceTree = "<group>"; };
		4F1F049C14E1B127008619C0 /* GNTextRange.m */ = {isa = PBXFileReference; fileEncoding = 4; lastKnownFileType = sourcecode.c.objc; path = GNTextRange.m; sourceTree = "<group>"; };
		4F1F049D14E1B128008619C0 /* GNTextView.h */ = {isa = PBXFileReference; fileEncoding = 4; lastKnownFileType = sourcecode.c.h; path = GNTextView.h; sourceTree = "<group>"; };
		4F1F049E14E1B128008619C0 /* GNTextView.m */ = {isa = PBXFileReference; fileEncoding = 4; lastKnownFileType = sourcecode.c.objc; path = GNTextView.m; sourceTree = "<group>"; };
		4F21143514DCF096001EE6C9 /* CoreText.framework */ = {isa = PBXFileReference; lastKnownFileType = wrapper.framework; name = CoreText.framework; path = System/Library/Frameworks/CoreText.framework; sourceTree = SDKROOT; };
		4F21143714DCF0C8001EE6C9 /* GNTextViewController.h */ = {isa = PBXFileReference; fileEncoding = 4; lastKnownFileType = sourcecode.c.h; path = GNTextViewController.h; sourceTree = "<group>"; };
		4F21143814DCF0C8001EE6C9 /* GNTextViewController.m */ = {isa = PBXFileReference; fileEncoding = 4; lastKnownFileType = sourcecode.c.objc; path = GNTextViewController.m; sourceTree = "<group>"; };
		4F21143914DCF0C8001EE6C9 /* GNTextViewController.xib */ = {isa = PBXFileReference; fileEncoding = 4; lastKnownFileType = file.xib; path = GNTextViewController.xib; sourceTree = "<group>"; };
		4F293B7714CCE88100020A09 /* Genesis.app */ = {isa = PBXFileReference; explicitFileType = wrapper.application; includeInIndex = 0; path = Genesis.app; sourceTree = BUILT_PRODUCTS_DIR; };
		4F293B7B14CCE88100020A09 /* UIKit.framework */ = {isa = PBXFileReference; lastKnownFileType = wrapper.framework; name = UIKit.framework; path = System/Library/Frameworks/UIKit.framework; sourceTree = SDKROOT; };
		4F293B7D14CCE88100020A09 /* Foundation.framework */ = {isa = PBXFileReference; lastKnownFileType = wrapper.framework; name = Foundation.framework; path = System/Library/Frameworks/Foundation.framework; sourceTree = SDKROOT; };
		4F293B7F14CCE88100020A09 /* CoreGraphics.framework */ = {isa = PBXFileReference; lastKnownFileType = wrapper.framework; name = CoreGraphics.framework; path = System/Library/Frameworks/CoreGraphics.framework; sourceTree = SDKROOT; };
		4F293B8114CCE88100020A09 /* CoreData.framework */ = {isa = PBXFileReference; lastKnownFileType = wrapper.framework; name = CoreData.framework; path = System/Library/Frameworks/CoreData.framework; sourceTree = SDKROOT; };
		4F293B8514CCE88100020A09 /* Genesis-Info.plist */ = {isa = PBXFileReference; lastKnownFileType = text.plist.xml; path = "Genesis-Info.plist"; sourceTree = "<group>"; };
		4F293B8714CCE88100020A09 /* en */ = {isa = PBXFileReference; lastKnownFileType = text.plist.strings; name = en; path = en.lproj/InfoPlist.strings; sourceTree = "<group>"; };
		4F293B8914CCE88100020A09 /* main.m */ = {isa = PBXFileReference; lastKnownFileType = sourcecode.c.objc; path = main.m; sourceTree = "<group>"; };
		4F293B8B14CCE88100020A09 /* Genesis-Prefix.pch */ = {isa = PBXFileReference; lastKnownFileType = sourcecode.c.h; path = "Genesis-Prefix.pch"; sourceTree = "<group>"; };
		4F293B8C14CCE88100020A09 /* GNAppDelegate.h */ = {isa = PBXFileReference; lastKnownFileType = sourcecode.c.h; path = GNAppDelegate.h; sourceTree = "<group>"; };
		4F293B8D14CCE88100020A09 /* GNAppDelegate.m */ = {isa = PBXFileReference; lastKnownFileType = sourcecode.c.objc; path = GNAppDelegate.m; sourceTree = "<group>"; };
		4F293B9014CCE88100020A09 /* Genesis.xcdatamodel */ = {isa = PBXFileReference; lastKnownFileType = wrapper.xcdatamodel; path = Genesis.xcdatamodel; sourceTree = "<group>"; };
		4F293B9714CCE88100020A09 /* GenesisTests.octest */ = {isa = PBXFileReference; explicitFileType = wrapper.cfbundle; includeInIndex = 0; path = GenesisTests.octest; sourceTree = BUILT_PRODUCTS_DIR; };
		4F293B9814CCE88100020A09 /* SenTestingKit.framework */ = {isa = PBXFileReference; lastKnownFileType = wrapper.framework; name = SenTestingKit.framework; path = Library/Frameworks/SenTestingKit.framework; sourceTree = DEVELOPER_DIR; };
		4F293BA114CCE88100020A09 /* GenesisTests-Info.plist */ = {isa = PBXFileReference; lastKnownFileType = text.plist.xml; path = "GenesisTests-Info.plist"; sourceTree = "<group>"; };
		4F293BA314CCE88100020A09 /* en */ = {isa = PBXFileReference; lastKnownFileType = text.plist.strings; name = en; path = en.lproj/InfoPlist.strings; sourceTree = "<group>"; };
		4F293BA514CCE88100020A09 /* GenesisTests.h */ = {isa = PBXFileReference; lastKnownFileType = sourcecode.c.h; path = GenesisTests.h; sourceTree = "<group>"; };
		4F293BA614CCE88100020A09 /* GenesisTests.m */ = {isa = PBXFileReference; lastKnownFileType = sourcecode.c.objc; path = GenesisTests.m; sourceTree = "<group>"; };
		4F3E371D14CFA90D00E91A1A /* GNDirectoryViewController.h */ = {isa = PBXFileReference; fileEncoding = 4; lastKnownFileType = sourcecode.c.h; path = GNDirectoryViewController.h; sourceTree = "<group>"; };
		4F3E371E14CFA90D00E91A1A /* GNDirectoryViewController.m */ = {isa = PBXFileReference; fileEncoding = 4; lastKnownFileType = sourcecode.c.objc; path = GNDirectoryViewController.m; sourceTree = "<group>"; };
		4F3E371F14CFA90D00E91A1A /* GNDirectoryViewController.xib */ = {isa = PBXFileReference; fileEncoding = 4; lastKnownFileType = file.xib; path = GNDirectoryViewController.xib; sourceTree = "<group>"; };
		4F3E372414CFAC1100E91A1A /* GNDirectoryContentsTableViewController.h */ = {isa = PBXFileReference; fileEncoding = 4; lastKnownFileType = sourcecode.c.h; path = GNDirectoryContentsTableViewController.h; sourceTree = "<group>"; };
		4F3E372514CFAC1100E91A1A /* GNDirectoryContentsTableViewController.m */ = {isa = PBXFileReference; fileEncoding = 4; lastKnownFileType = sourcecode.c.objc; path = GNDirectoryContentsTableViewController.m; sourceTree = "<group>"; };
		4F3E372714CFB6BB00E91A1A /* GNDirectoryContentsTableViewCell.h */ = {isa = PBXFileReference; fileEncoding = 4; lastKnownFileType = sourcecode.c.h; path = GNDirectoryContentsTableViewCell.h; sourceTree = "<group>"; };
		4F3E372814CFB6BB00E91A1A /* GNDirectoryContentsTableViewCell.m */ = {isa = PBXFileReference; fileEncoding = 4; lastKnownFileType = sourcecode.c.objc; path = GNDirectoryContentsTableViewCell.m; sourceTree = "<group>"; };
		4F73FA6C14CF293A00976824 /* GNProject.h */ = {isa = PBXFileReference; fileEncoding = 4; lastKnownFileType = sourcecode.c.h; path = GNProject.h; sourceTree = "<group>"; };
		4F73FA6D14CF293A00976824 /* GNProject.m */ = {isa = PBXFileReference; fileEncoding = 4; lastKnownFileType = sourcecode.c.objc; path = GNProject.m; sourceTree = "<group>"; };
		4F77E8BB14E4B8C0001A69E8 /* QuartzCore.framework */ = {isa = PBXFileReference; lastKnownFileType = wrapper.framework; name = QuartzCore.framework; path = System/Library/Frameworks/QuartzCore.framework; sourceTree = SDKROOT; };
		4F77E8CD14E4BB53001A69E8 /* libDTCoreText.a */ = {isa = PBXFileReference; lastKnownFileType = file; name = libDTCoreText.a; path = "../DTCoreText/build/Release-iphoneos/libDTCoreText.a"; sourceTree = "<group>"; };
		4F77E8D014E4BB80001A69E8 /* libxml2.dylib */ = {isa = PBXFileReference; lastKnownFileType = "compiled.mach-o.dylib"; name = libxml2.dylib; path = usr/lib/libxml2.dylib; sourceTree = SDKROOT; };
		4F77E8D214E4BBC7001A69E8 /* CGUtils.h */ = {isa = PBXFileReference; fileEncoding = 4; lastKnownFileType = sourcecode.c.h; name = CGUtils.h; path = ../DTCoreText/Core/Source/CGUtils.h; sourceTree = "<group>"; };
		4F77E8D314E4BBC7001A69E8 /* DTAttributedTextCell.h */ = {isa = PBXFileReference; fileEncoding = 4; lastKnownFileType = sourcecode.c.h; name = DTAttributedTextCell.h; path = ../DTCoreText/Core/Source/DTAttributedTextCell.h; sourceTree = "<group>"; };
		4F77E8D414E4BBC7001A69E8 /* DTAttributedTextContentView.h */ = {isa = PBXFileReference; fileEncoding = 4; lastKnownFileType = sourcecode.c.h; name = DTAttributedTextContentView.h; path = ../DTCoreText/Core/Source/DTAttributedTextContentView.h; sourceTree = "<group>"; };
		4F77E8D514E4BBC7001A69E8 /* DTAttributedTextView.h */ = {isa = PBXFileReference; fileEncoding = 4; lastKnownFileType = sourcecode.c.h; name = DTAttributedTextView.h; path = ../DTCoreText/Core/Source/DTAttributedTextView.h; sourceTree = "<group>"; };
		4F77E8D614E4BBC7001A69E8 /* DTColor+HTML.h */ = {isa = PBXFileReference; fileEncoding = 4; lastKnownFileType = sourcecode.c.h; name = "DTColor+HTML.h"; path = "../DTCoreText/Core/Source/DTColor+HTML.h"; sourceTree = "<group>"; };
		4F77E8D714E4BBC7001A69E8 /* DTCoreText.h */ = {isa = PBXFileReference; fileEncoding = 4; lastKnownFileType = sourcecode.c.h; name = DTCoreText.h; path = ../DTCoreText/Core/Source/DTCoreText.h; sourceTree = "<group>"; };
		4F77E8D814E4BBC7001A69E8 /* DTCoreTextConstants.h */ = {isa = PBXFileReference; fileEncoding = 4; lastKnownFileType = sourcecode.c.h; name = DTCoreTextConstants.h; path = ../DTCoreText/Core/Source/DTCoreTextConstants.h; sourceTree = "<group>"; };
		4F77E8D914E4BBC7001A69E8 /* DTCoreTextFontCollection.h */ = {isa = PBXFileReference; fileEncoding = 4; lastKnownFileType = sourcecode.c.h; name = DTCoreTextFontCollection.h; path = ../DTCoreText/Core/Source/DTCoreTextFontCollection.h; sourceTree = "<group>"; };
		4F77E8DA14E4BBC7001A69E8 /* DTCoreTextFontDescriptor.h */ = {isa = PBXFileReference; fileEncoding = 4; lastKnownFileType = sourcecode.c.h; name = DTCoreTextFontDescriptor.h; path = ../DTCoreText/Core/Source/DTCoreTextFontDescriptor.h; sourceTree = "<group>"; };
		4F77E8DB14E4BBC7001A69E8 /* DTCoreTextGlyphRun.h */ = {isa = PBXFileReference; fileEncoding = 4; lastKnownFileType = sourcecode.c.h; name = DTCoreTextGlyphRun.h; path = ../DTCoreText/Core/Source/DTCoreTextGlyphRun.h; sourceTree = "<group>"; };
		4F77E8DC14E4BBC7001A69E8 /* DTCoreTextLayouter.h */ = {isa = PBXFileReference; fileEncoding = 4; lastKnownFileType = sourcecode.c.h; name = DTCoreTextLayouter.h; path = ../DTCoreText/Core/Source/DTCoreTextLayouter.h; sourceTree = "<group>"; };
		4F77E8DD14E4BBC7001A69E8 /* DTCoreTextLayoutFrame.h */ = {isa = PBXFileReference; fileEncoding = 4; lastKnownFileType = sourcecode.c.h; name = DTCoreTextLayoutFrame.h; path = ../DTCoreText/Core/Source/DTCoreTextLayoutFrame.h; sourceTree = "<group>"; };
		4F77E8DE14E4BBC7001A69E8 /* DTCoreTextLayoutLine.h */ = {isa = PBXFileReference; fileEncoding = 4; lastKnownFileType = sourcecode.c.h; name = DTCoreTextLayoutLine.h; path = ../DTCoreText/Core/Source/DTCoreTextLayoutLine.h; sourceTree = "<group>"; };
		4F77E8DF14E4BBC7001A69E8 /* DTCoreTextParagraphStyle.h */ = {isa = PBXFileReference; fileEncoding = 4; lastKnownFileType = sourcecode.c.h; name = DTCoreTextParagraphStyle.h; path = ../DTCoreText/Core/Source/DTCoreTextParagraphStyle.h; sourceTree = "<group>"; };
		4F77E8E014E4BBC7001A69E8 /* DTCSSListStyle.h */ = {isa = PBXFileReference; fileEncoding = 4; lastKnownFileType = sourcecode.c.h; name = DTCSSListStyle.h; path = ../DTCoreText/Core/Source/DTCSSListStyle.h; sourceTree = "<group>"; };
		4F77E8E114E4BBC7001A69E8 /* DTCSSStylesheet.h */ = {isa = PBXFileReference; fileEncoding = 4; lastKnownFileType = sourcecode.c.h; name = DTCSSStylesheet.h; path = ../DTCoreText/Core/Source/DTCSSStylesheet.h; sourceTree = "<group>"; };
		4F77E8E214E4BBC7001A69E8 /* DTHTMLAttributedStringBuilder.h */ = {isa = PBXFileReference; fileEncoding = 4; lastKnownFileType = sourcecode.c.h; name = DTHTMLAttributedStringBuilder.h; path = ../DTCoreText/Core/Source/DTHTMLAttributedStringBuilder.h; sourceTree = "<group>"; };
		4F77E8E314E4BBC7001A69E8 /* DTHTMLElement.h */ = {isa = PBXFileReference; fileEncoding = 4; lastKnownFileType = sourcecode.c.h; name = DTHTMLElement.h; path = ../DTCoreText/Core/Source/DTHTMLElement.h; sourceTree = "<group>"; };
		4F77E8E414E4BBC7001A69E8 /* DTHTMLParser.h */ = {isa = PBXFileReference; fileEncoding = 4; lastKnownFileType = sourcecode.c.h; name = DTHTMLParser.h; path = ../DTCoreText/Core/Source/DTHTMLParser.h; sourceTree = "<group>"; };
		4F77E8E514E4BBC7001A69E8 /* DTImage+HTML.h */ = {isa = PBXFileReference; fileEncoding = 4; lastKnownFileType = sourcecode.c.h; name = "DTImage+HTML.h"; path = "../DTCoreText/Core/Source/DTImage+HTML.h"; sourceTree = "<group>"; };
		4F77E8E614E4BBC7001A69E8 /* DTLazyImageView.h */ = {isa = PBXFileReference; fileEncoding = 4; lastKnownFileType = sourcecode.c.h; name = DTLazyImageView.h; path = ../DTCoreText/Core/Source/DTLazyImageView.h; sourceTree = "<group>"; };
		4F77E8E714E4BBC7001A69E8 /* DTLinkButton.h */ = {isa = PBXFileReference; fileEncoding = 4; lastKnownFileType = sourcecode.c.h; name = DTLinkButton.h; path = ../DTCoreText/Core/Source/DTLinkButton.h; sourceTree = "<group>"; };
		4F77E8E814E4BBC7001A69E8 /* DTTextAttachment.h */ = {isa = PBXFileReference; fileEncoding = 4; lastKnownFileType = sourcecode.c.h; name = DTTextAttachment.h; path = ../DTCoreText/Core/Source/DTTextAttachment.h; sourceTree = "<group>"; };
		4F77E8E914E4BBC7001A69E8 /* DTWebVideoView.h */ = {isa = PBXFileReference; fileEncoding = 4; lastKnownFileType = sourcecode.c.h; name = DTWebVideoView.h; path = ../DTCoreText/Core/Source/DTWebVideoView.h; sourceTree = "<group>"; };
		4F77E8EA14E4BBC7001A69E8 /* NSAttributedString+DTCoreText.h */ = {isa = PBXFileReference; fileEncoding = 4; lastKnownFileType = sourcecode.c.h; name = "NSAttributedString+DTCoreText.h"; path = "../DTCoreText/Core/Source/NSAttributedString+DTCoreText.h"; sourceTree = "<group>"; };
		4F77E8EB14E4BBC7001A69E8 /* NSAttributedString+HTML.h */ = {isa = PBXFileReference; fileEncoding = 4; lastKnownFileType = sourcecode.c.h; name = "NSAttributedString+HTML.h"; path = "../DTCoreText/Core/Source/NSAttributedString+HTML.h"; sourceTree = "<group>"; };
		4F77E8EC14E4BBC7001A69E8 /* NSAttributedString+SmallCaps.h */ = {isa = PBXFileReference; fileEncoding = 4; lastKnownFileType = sourcecode.c.h; name = "NSAttributedString+SmallCaps.h"; path = "../DTCoreText/Core/Source/NSAttributedString+SmallCaps.h"; sourceTree = "<group>"; };
		4F77E8ED14E4BBC7001A69E8 /* NSAttributedStringRunDelegates.h */ = {isa = PBXFileReference; fileEncoding = 4; lastKnownFileType = sourcecode.c.h; name = NSAttributedStringRunDelegates.h; path = ../DTCoreText/Core/Source/NSAttributedStringRunDelegates.h; sourceTree = "<group>"; };
		4F77E8EE14E4BBC7001A69E8 /* NSCharacterSet+HTML.h */ = {isa = PBXFileReference; fileEncoding = 4; lastKnownFileType = sourcecode.c.h; name = "NSCharacterSet+HTML.h"; path = "../DTCoreText/Core/Source/NSCharacterSet+HTML.h"; sourceTree = "<group>"; };
		4F77E8EF14E4BBC7001A69E8 /* NSData+DTBase64.h */ = {isa = PBXFileReference; fileEncoding = 4; lastKnownFileType = sourcecode.c.h; name = "NSData+DTBase64.h"; path = "../DTCoreText/Core/Source/NSData+DTBase64.h"; sourceTree = "<group>"; };
		4F77E8F014E4BBC7001A69E8 /* NSMutableAttributedString+HTML.h */ = {isa = PBXFileReference; fileEncoding = 4; lastKnownFileType = sourcecode.c.h; name = "NSMutableAttributedString+HTML.h"; path = "../DTCoreText/Core/Source/NSMutableAttributedString+HTML.h"; sourceTree = "<group>"; };
		4F77E8F114E4BBC7001A69E8 /* NSMutableString+HTML.h */ = {isa = PBXFileReference; fileEncoding = 4; lastKnownFileType = sourcecode.c.h; name = "NSMutableString+HTML.h"; path = "../DTCoreText/Core/Source/NSMutableString+HTML.h"; sourceTree = "<group>"; };
		4F77E8F214E4BBC7001A69E8 /* NSScanner+HTML.h */ = {isa = PBXFileReference; fileEncoding = 4; lastKnownFileType = sourcecode.c.h; name = "NSScanner+HTML.h"; path = "../DTCoreText/Core/Source/NSScanner+HTML.h"; sourceTree = "<group>"; };
		4F77E8F314E4BBC7001A69E8 /* NSString+CSS.h */ = {isa = PBXFileReference; fileEncoding = 4; lastKnownFileType = sourcecode.c.h; name = "NSString+CSS.h"; path = "../DTCoreText/Core/Source/NSString+CSS.h"; sourceTree = "<group>"; };
		4F77E8F414E4BBC7001A69E8 /* NSString+HTML.h */ = {isa = PBXFileReference; fileEncoding = 4; lastKnownFileType = sourcecode.c.h; name = "NSString+HTML.h"; path = "../DTCoreText/Core/Source/NSString+HTML.h"; sourceTree = "<group>"; };
		4F77E8F514E4BBC7001A69E8 /* NSString+Paragraphs.h */ = {isa = PBXFileReference; fileEncoding = 4; lastKnownFileType = sourcecode.c.h; name = "NSString+Paragraphs.h"; path = "../DTCoreText/Core/Source/NSString+Paragraphs.h"; sourceTree = "<group>"; };
		4F77E8F614E4BBC7001A69E8 /* NSString+UTF8Cleaner.h */ = {isa = PBXFileReference; fileEncoding = 4; lastKnownFileType = sourcecode.c.h; name = "NSString+UTF8Cleaner.h"; path = "../DTCoreText/Core/Source/NSString+UTF8Cleaner.h"; sourceTree = "<group>"; };
		4F77E8F714E4BBC7001A69E8 /* NSURL+HTML.h */ = {isa = PBXFileReference; fileEncoding = 4; lastKnownFileType = sourcecode.c.h; name = "NSURL+HTML.h"; path = "../DTCoreText/Core/Source/NSURL+HTML.h"; sourceTree = "<group>"; };
		4F77E8F814E4BBC7001A69E8 /* UIDevice+DTVersion.h */ = {isa = PBXFileReference; fileEncoding = 4; lastKnownFileType = sourcecode.c.h; name = "UIDevice+DTVersion.h"; path = "../DTCoreText/Core/Source/UIDevice+DTVersion.h"; sourceTree = "<group>"; };
		4F77E8FF14E4C30D001A69E8 /* ImageIO.framework */ = {isa = PBXFileReference; lastKnownFileType = wrapper.framework; name = ImageIO.framework; path = System/Library/Frameworks/ImageIO.framework; sourceTree = SDKROOT; };
		4FFDA03714CCEB3500422FF5 /* GNProjectBrowserViewController.h */ = {isa = PBXFileReference; fileEncoding = 4; lastKnownFileType = sourcecode.c.h; path = GNProjectBrowserViewController.h; sourceTree = "<group>"; };
		4FFDA03814CCEB3500422FF5 /* GNProjectBrowserViewController.m */ = {isa = PBXFileReference; fileEncoding = 4; lastKnownFileType = sourcecode.c.objc; path = GNProjectBrowserViewController.m; sourceTree = "<group>"; };
		4FFDA03914CCEB3500422FF5 /* GNProjectBrowserViewController.xib */ = {isa = PBXFileReference; fileEncoding = 4; lastKnownFileType = file.xib; path = GNProjectBrowserViewController.xib; sourceTree = "<group>"; };
		4FFDA03E14CCEC4500422FF5 /* GNProjectBrowserTableViewController.h */ = {isa = PBXFileReference; fileEncoding = 4; lastKnownFileType = sourcecode.c.h; path = GNProjectBrowserTableViewController.h; sourceTree = "<group>"; };
		4FFDA03F14CCEC4500422FF5 /* GNProjectBrowserTableViewController.m */ = {isa = PBXFileReference; fileEncoding = 4; lastKnownFileType = sourcecode.c.objc; path = GNProjectBrowserTableViewController.m; sourceTree = "<group>"; };
		4FFDA04114CCF2E300422FF5 /* GNNewProjectViewController.h */ = {isa = PBXFileReference; fileEncoding = 4; lastKnownFileType = sourcecode.c.h; path = GNNewProjectViewController.h; sourceTree = "<group>"; };
		4FFDA04214CCF2E300422FF5 /* GNNewProjectViewController.m */ = {isa = PBXFileReference; fileEncoding = 4; lastKnownFileType = sourcecode.c.objc; path = GNNewProjectViewController.m; sourceTree = "<group>"; };
		4FFDA04314CCF2E300422FF5 /* GNNewProjectViewController.xib */ = {isa = PBXFileReference; fileEncoding = 4; lastKnownFileType = file.xib; path = GNNewProjectViewController.xib; sourceTree = "<group>"; };
/* End PBXFileReference section */

/* Begin PBXFrameworksBuildPhase section */
		4F293B7414CCE88100020A09 /* Frameworks */ = {
			isa = PBXFrameworksBuildPhase;
			buildActionMask = 2147483647;
			files = (
				4F77E90014E4C30D001A69E8 /* ImageIO.framework in Frameworks */,
				4F77E8D114E4BB80001A69E8 /* libxml2.dylib in Frameworks */,
				4F77E8CE14E4BB53001A69E8 /* libDTCoreText.a in Frameworks */,
				4F293B8014CCE88100020A09 /* CoreGraphics.framework in Frameworks */,
				4F77E8BC14E4B8C0001A69E8 /* QuartzCore.framework in Frameworks */,
				4F293B7C14CCE88100020A09 /* UIKit.framework in Frameworks */,
				4F293B7E14CCE88100020A09 /* Foundation.framework in Frameworks */,
				4F293B8214CCE88100020A09 /* CoreData.framework in Frameworks */,
				4F21143614DCF097001EE6C9 /* CoreText.framework in Frameworks */,
			);
			runOnlyForDeploymentPostprocessing = 0;
		};
		4F293B9314CCE88100020A09 /* Frameworks */ = {
			isa = PBXFrameworksBuildPhase;
			buildActionMask = 2147483647;
			files = (
				4F293B9914CCE88100020A09 /* SenTestingKit.framework in Frameworks */,
				4F293B9A14CCE88100020A09 /* UIKit.framework in Frameworks */,
				4F293B9B14CCE88100020A09 /* Foundation.framework in Frameworks */,
				4F293B9C14CCE88100020A09 /* CoreData.framework in Frameworks */,
			);
			runOnlyForDeploymentPostprocessing = 0;
		};
/* End PBXFrameworksBuildPhase section */

/* Begin PBXGroup section */
		4F0216E714D1F3BF0027DF89 /* New Filesystem Entry */ = {
			isa = PBXGroup;
			children = (
				4F0216E214D1F3850027DF89 /* GNNewFileEntryViewController.h */,
				4F0216E314D1F3850027DF89 /* GNNewFileEntryViewController.m */,
				4F0216E414D1F3850027DF89 /* GNNewFileEntryViewController.xib */,
			);
			name = "New Filesystem Entry";
			sourceTree = "<group>";
		};
		4F1F04A314E1B35D008619C0 /* Caret View */ = {
			isa = PBXGroup;
			children = (
				4F1F049714E1B127008619C0 /* GNTextCaretView.h */,
				4F1F049814E1B127008619C0 /* GNTextCaretView.m */,
			);
			name = "Caret View";
			sourceTree = "<group>";
		};
		4F1F04A414E1B37E008619C0 /* Text Container View */ = {
			isa = PBXGroup;
			children = (
				4F1F049D14E1B128008619C0 /* GNTextView.h */,
				4F1F049E14E1B128008619C0 /* GNTextView.m */,
			);
			name = "Text Container View";
			sourceTree = "<group>";
		};
		4F1F04A514E1B3A8008619C0 /* Text Rendering / UITextInput */ = {
			isa = PBXGroup;
			children = (
				4F1F049914E1B127008619C0 /* GNTextInnerView.h */,
				4F1F049A14E1B127008619C0 /* GNTextInnerView.m */,
			);
			name = "Text Rendering / UITextInput";
			sourceTree = "<group>";
		};
		4F1F04A614E1B3B9008619C0 /* Text Geometry */ = {
			isa = PBXGroup;
			children = (
				4F1F049B14E1B127008619C0 /* GNTextRange.h */,
				4F1F049C14E1B127008619C0 /* GNTextRange.m */,
			);
			name = "Text Geometry";
			sourceTree = "<group>";
		};
		4F21143114DCEF18001EE6C9 /* Text Editing */ = {
			isa = PBXGroup;
			children = (
				4F21143714DCF0C8001EE6C9 /* GNTextViewController.h */,
				4F21143814DCF0C8001EE6C9 /* GNTextViewController.m */,
				4F21143914DCF0C8001EE6C9 /* GNTextViewController.xib */,
				4F1F04A314E1B35D008619C0 /* Caret View */,
				4F1F04A414E1B37E008619C0 /* Text Container View */,
				4F1F04A514E1B3A8008619C0 /* Text Rendering / UITextInput */,
				4F1F04A614E1B3B9008619C0 /* Text Geometry */,
			);
			name = "Text Editing";
			sourceTree = "<group>";
		};
		4F293B6C14CCE88100020A09 = {
			isa = PBXGroup;
			children = (
				4F293B8314CCE88100020A09 /* Genesis */,
				4F293B9F14CCE88100020A09 /* GenesisTests */,
				4F293B7A14CCE88100020A09 /* Frameworks */,
				4F293B7814CCE88100020A09 /* Products */,
			);
			sourceTree = "<group>";
		};
		4F293B7814CCE88100020A09 /* Products */ = {
			isa = PBXGroup;
			children = (
				4F293B7714CCE88100020A09 /* Genesis.app */,
				4F293B9714CCE88100020A09 /* GenesisTests.octest */,
			);
			name = Products;
			sourceTree = "<group>";
		};
		4F293B7A14CCE88100020A09 /* Frameworks */ = {
			isa = PBXGroup;
			children = (
				4F77E8FA14E4BBCD001A69E8 /* DTCoreText */,
				4F77E8D014E4BB80001A69E8 /* libxml2.dylib */,
				4F77E8CD14E4BB53001A69E8 /* libDTCoreText.a */,
				4F77E8FF14E4C30D001A69E8 /* ImageIO.framework */,
				4F77E8BB14E4B8C0001A69E8 /* QuartzCore.framework */,
				4F21143514DCF096001EE6C9 /* CoreText.framework */,
				4F293B7B14CCE88100020A09 /* UIKit.framework */,
				4F293B7D14CCE88100020A09 /* Foundation.framework */,
				4F293B7F14CCE88100020A09 /* CoreGraphics.framework */,
				4F293B8114CCE88100020A09 /* CoreData.framework */,
				4F293B9814CCE88100020A09 /* SenTestingKit.framework */,
			);
			name = Frameworks;
			sourceTree = "<group>";
		};
		4F293B8314CCE88100020A09 /* Genesis */ = {
			isa = PBXGroup;
			children = (
				4F293B8C14CCE88100020A09 /* GNAppDelegate.h */,
				4F293B8D14CCE88100020A09 /* GNAppDelegate.m */,
				4F293B8F14CCE88100020A09 /* Genesis.xcdatamodeld */,
				4F73FA7014CF294000976824 /* Model */,
				4F293B8414CCE88100020A09 /* Supporting Files */,
				4FFDA03D14CCEB3C00422FF5 /* Project Browser */,
				4F3E372314CFA91000E91A1A /* Project Viewing */,
				4F21143114DCEF18001EE6C9 /* Text Editing */,
			);
			path = Genesis;
			sourceTree = "<group>";
		};
		4F293B8414CCE88100020A09 /* Supporting Files */ = {
			isa = PBXGroup;
			children = (
				4F293B8514CCE88100020A09 /* Genesis-Info.plist */,
				4F293B8614CCE88100020A09 /* InfoPlist.strings */,
				4F293B8914CCE88100020A09 /* main.m */,
				4F293B8B14CCE88100020A09 /* Genesis-Prefix.pch */,
			);
			name = "Supporting Files";
			sourceTree = "<group>";
		};
		4F293B9F14CCE88100020A09 /* GenesisTests */ = {
			isa = PBXGroup;
			children = (
				4F293BA514CCE88100020A09 /* GenesisTests.h */,
				4F293BA614CCE88100020A09 /* GenesisTests.m */,
				4F293BA014CCE88100020A09 /* Supporting Files */,
			);
			path = GenesisTests;
			sourceTree = "<group>";
		};
		4F293BA014CCE88100020A09 /* Supporting Files */ = {
			isa = PBXGroup;
			children = (
				4F293BA114CCE88100020A09 /* GenesisTests-Info.plist */,
				4F293BA214CCE88100020A09 /* InfoPlist.strings */,
			);
			name = "Supporting Files";
			sourceTree = "<group>";
		};
		4F3E372314CFA91000E91A1A /* Project Viewing */ = {
			isa = PBXGroup;
			children = (
				4F3E371D14CFA90D00E91A1A /* GNDirectoryViewController.h */,
				4F3E371E14CFA90D00E91A1A /* GNDirectoryViewController.m */,
				4F3E371F14CFA90D00E91A1A /* GNDirectoryViewController.xib */,
				4F0216E714D1F3BF0027DF89 /* New Filesystem Entry */,
				4F3E372414CFAC1100E91A1A /* GNDirectoryContentsTableViewController.h */,
				4F3E372514CFAC1100E91A1A /* GNDirectoryContentsTableViewController.m */,
				4F3E372714CFB6BB00E91A1A /* GNDirectoryContentsTableViewCell.h */,
				4F3E372814CFB6BB00E91A1A /* GNDirectoryContentsTableViewCell.m */,
			);
			name = "Project Viewing";
			sourceTree = "<group>";
		};
		4F73FA7014CF294000976824 /* Model */ = {
			isa = PBXGroup;
			children = (
				4F73FA6C14CF293A00976824 /* GNProject.h */,
				4F73FA6D14CF293A00976824 /* GNProject.m */,
			);
			name = Model;
			sourceTree = "<group>";
		};
		4F77E8FA14E4BBCD001A69E8 /* DTCoreText */ = {
			isa = PBXGroup;
			children = (
				4F77E8D214E4BBC7001A69E8 /* CGUtils.h */,
				4F77E8D314E4BBC7001A69E8 /* DTAttributedTextCell.h */,
				4F77E8D414E4BBC7001A69E8 /* DTAttributedTextContentView.h */,
				4F77E8D514E4BBC7001A69E8 /* DTAttributedTextView.h */,
				4F77E8D614E4BBC7001A69E8 /* DTColor+HTML.h */,
				4F77E8D714E4BBC7001A69E8 /* DTCoreText.h */,
				4F77E8D814E4BBC7001A69E8 /* DTCoreTextConstants.h */,
				4F77E8D914E4BBC7001A69E8 /* DTCoreTextFontCollection.h */,
				4F77E8DA14E4BBC7001A69E8 /* DTCoreTextFontDescriptor.h */,
				4F77E8DB14E4BBC7001A69E8 /* DTCoreTextGlyphRun.h */,
				4F77E8DC14E4BBC7001A69E8 /* DTCoreTextLayouter.h */,
				4F77E8DD14E4BBC7001A69E8 /* DTCoreTextLayoutFrame.h */,
				4F77E8DE14E4BBC7001A69E8 /* DTCoreTextLayoutLine.h */,
				4F77E8DF14E4BBC7001A69E8 /* DTCoreTextParagraphStyle.h */,
				4F77E8E014E4BBC7001A69E8 /* DTCSSListStyle.h */,
				4F77E8E114E4BBC7001A69E8 /* DTCSSStylesheet.h */,
				4F77E8E214E4BBC7001A69E8 /* DTHTMLAttributedStringBuilder.h */,
				4F77E8E314E4BBC7001A69E8 /* DTHTMLElement.h */,
				4F77E8E414E4BBC7001A69E8 /* DTHTMLParser.h */,
				4F77E8E514E4BBC7001A69E8 /* DTImage+HTML.h */,
				4F77E8E614E4BBC7001A69E8 /* DTLazyImageView.h */,
				4F77E8E714E4BBC7001A69E8 /* DTLinkButton.h */,
				4F77E8E814E4BBC7001A69E8 /* DTTextAttachment.h */,
				4F77E8E914E4BBC7001A69E8 /* DTWebVideoView.h */,
				4F77E8EA14E4BBC7001A69E8 /* NSAttributedString+DTCoreText.h */,
				4F77E8EB14E4BBC7001A69E8 /* NSAttributedString+HTML.h */,
				4F77E8EC14E4BBC7001A69E8 /* NSAttributedString+SmallCaps.h */,
				4F77E8ED14E4BBC7001A69E8 /* NSAttributedStringRunDelegates.h */,
				4F77E8EE14E4BBC7001A69E8 /* NSCharacterSet+HTML.h */,
				4F77E8EF14E4BBC7001A69E8 /* NSData+DTBase64.h */,
				4F77E8F014E4BBC7001A69E8 /* NSMutableAttributedString+HTML.h */,
				4F77E8F114E4BBC7001A69E8 /* NSMutableString+HTML.h */,
				4F77E8F214E4BBC7001A69E8 /* NSScanner+HTML.h */,
				4F77E8F314E4BBC7001A69E8 /* NSString+CSS.h */,
				4F77E8F414E4BBC7001A69E8 /* NSString+HTML.h */,
				4F77E8F514E4BBC7001A69E8 /* NSString+Paragraphs.h */,
				4F77E8F614E4BBC7001A69E8 /* NSString+UTF8Cleaner.h */,
				4F77E8F714E4BBC7001A69E8 /* NSURL+HTML.h */,
				4F77E8F814E4BBC7001A69E8 /* UIDevice+DTVersion.h */,
			);
			name = DTCoreText;
			sourceTree = "<group>";
		};
		4FFDA03D14CCEB3C00422FF5 /* Project Browser */ = {
			isa = PBXGroup;
			children = (
				4FFDA03714CCEB3500422FF5 /* GNProjectBrowserViewController.h */,
				4FFDA03814CCEB3500422FF5 /* GNProjectBrowserViewController.m */,
				4FFDA03914CCEB3500422FF5 /* GNProjectBrowserViewController.xib */,
				4FFDA04614CCF2EB00422FF5 /* New Project */,
				4FFDA03E14CCEC4500422FF5 /* GNProjectBrowserTableViewController.h */,
				4FFDA03F14CCEC4500422FF5 /* GNProjectBrowserTableViewController.m */,
			);
			name = "Project Browser";
			sourceTree = "<group>";
		};
		4FFDA04614CCF2EB00422FF5 /* New Project */ = {
			isa = PBXGroup;
			children = (
				4FFDA04114CCF2E300422FF5 /* GNNewProjectViewController.h */,
				4FFDA04214CCF2E300422FF5 /* GNNewProjectViewController.m */,
				4FFDA04314CCF2E300422FF5 /* GNNewProjectViewController.xib */,
			);
			name = "New Project";
			sourceTree = "<group>";
		};
/* End PBXGroup section */

/* Begin PBXNativeTarget section */
		4F293B7614CCE88100020A09 /* Genesis */ = {
			isa = PBXNativeTarget;
			buildConfigurationList = 4F293BAA14CCE88100020A09 /* Build configuration list for PBXNativeTarget "Genesis" */;
			buildPhases = (
				4F293B7314CCE88100020A09 /* Sources */,
				4F293B7414CCE88100020A09 /* Frameworks */,
				4F293B7514CCE88100020A09 /* Resources */,
			);
			buildRules = (
			);
			dependencies = (
			);
			name = Genesis;
			productName = Genesis;
			productReference = 4F293B7714CCE88100020A09 /* Genesis.app */;
			productType = "com.apple.product-type.application";
		};
		4F293B9614CCE88100020A09 /* GenesisTests */ = {
			isa = PBXNativeTarget;
			buildConfigurationList = 4F293BAD14CCE88100020A09 /* Build configuration list for PBXNativeTarget "GenesisTests" */;
			buildPhases = (
				4F293B9214CCE88100020A09 /* Sources */,
				4F293B9314CCE88100020A09 /* Frameworks */,
				4F293B9414CCE88100020A09 /* Resources */,
				4F293B9514CCE88100020A09 /* ShellScript */,
			);
			buildRules = (
			);
			dependencies = (
				4F293B9E14CCE88100020A09 /* PBXTargetDependency */,
			);
			name = GenesisTests;
			productName = GenesisTests;
			productReference = 4F293B9714CCE88100020A09 /* GenesisTests.octest */;
			productType = "com.apple.product-type.bundle";
		};
/* End PBXNativeTarget section */

/* Begin PBXProject section */
		4F293B6E14CCE88100020A09 /* Project object */ = {
			isa = PBXProject;
			attributes = {
				LastUpgradeCheck = 0420;
			};
			buildConfigurationList = 4F293B7114CCE88100020A09 /* Build configuration list for PBXProject "Genesis" */;
			compatibilityVersion = "Xcode 3.2";
			developmentRegion = English;
			hasScannedForEncodings = 0;
			knownRegions = (
				en,
			);
			mainGroup = 4F293B6C14CCE88100020A09;
			productRefGroup = 4F293B7814CCE88100020A09 /* Products */;
			projectDirPath = "";
			projectRoot = "";
			targets = (
				4F293B7614CCE88100020A09 /* Genesis */,
				4F293B9614CCE88100020A09 /* GenesisTests */,
			);
		};
/* End PBXProject section */

/* Begin PBXResourcesBuildPhase section */
		4F293B7514CCE88100020A09 /* Resources */ = {
			isa = PBXResourcesBuildPhase;
			buildActionMask = 2147483647;
			files = (
				4F293B8814CCE88100020A09 /* InfoPlist.strings in Resources */,
				4FFDA03B14CCEB3500422FF5 /* GNProjectBrowserViewController.xib in Resources */,
				4FFDA04514CCF2E300422FF5 /* GNNewProjectViewController.xib in Resources */,
				4F3E372114CFA90D00E91A1A /* GNDirectoryViewController.xib in Resources */,
				4F0216E614D1F3850027DF89 /* GNNewFileEntryViewController.xib in Resources */,
				4F21143B14DCF0C8001EE6C9 /* GNTextViewController.xib in Resources */,
			);
			runOnlyForDeploymentPostprocessing = 0;
		};
		4F293B9414CCE88100020A09 /* Resources */ = {
			isa = PBXResourcesBuildPhase;
			buildActionMask = 2147483647;
			files = (
				4F293BA414CCE88100020A09 /* InfoPlist.strings in Resources */,
			);
			runOnlyForDeploymentPostprocessing = 0;
		};
/* End PBXResourcesBuildPhase section */

/* Begin PBXShellScriptBuildPhase section */
		4F293B9514CCE88100020A09 /* ShellScript */ = {
			isa = PBXShellScriptBuildPhase;
			buildActionMask = 2147483647;
			files = (
			);
			inputPaths = (
			);
			outputPaths = (
			);
			runOnlyForDeploymentPostprocessing = 0;
			shellPath = /bin/sh;
			shellScript = "# Run the unit tests in this test bundle.\n\"${SYSTEM_DEVELOPER_DIR}/Tools/RunUnitTests\"\n";
		};
/* End PBXShellScriptBuildPhase section */

/* Begin PBXSourcesBuildPhase section */
		4F293B7314CCE88100020A09 /* Sources */ = {
			isa = PBXSourcesBuildPhase;
			buildActionMask = 2147483647;
			files = (
				4F293B8A14CCE88100020A09 /* main.m in Sources */,
				4F293B8E14CCE88100020A09 /* GNAppDelegate.m in Sources */,
				4F293B9114CCE88100020A09 /* Genesis.xcdatamodeld in Sources */,
				4FFDA03A14CCEB3500422FF5 /* GNProjectBrowserViewController.m in Sources */,
				4FFDA04014CCEC4500422FF5 /* GNProjectBrowserTableViewController.m in Sources */,
				4FFDA04414CCF2E300422FF5 /* GNNewProjectViewController.m in Sources */,
				4F73FA6E14CF293A00976824 /* GNProject.m in Sources */,
				4F3E372014CFA90D00E91A1A /* GNDirectoryViewController.m in Sources */,
				4F3E372614CFAC1100E91A1A /* GNDirectoryContentsTableViewController.m in Sources */,
				4F3E372914CFB6BC00E91A1A /* GNDirectoryContentsTableViewCell.m in Sources */,
				4F0216E514D1F3850027DF89 /* GNNewFileEntryViewController.m in Sources */,
				4F21143A14DCF0C8001EE6C9 /* GNTextViewController.m in Sources */,
				4F1F049F14E1B128008619C0 /* GNTextCaretView.m in Sources */,
				4F1F04A014E1B128008619C0 /* GNTextInnerView.m in Sources */,
				4F1F04A114E1B128008619C0 /* GNTextRange.m in Sources */,
				4F1F04A214E1B128008619C0 /* GNTextView.m in Sources */,
			);
			runOnlyForDeploymentPostprocessing = 0;
		};
		4F293B9214CCE88100020A09 /* Sources */ = {
			isa = PBXSourcesBuildPhase;
			buildActionMask = 2147483647;
			files = (
				4F293BA714CCE88100020A09 /* GenesisTests.m in Sources */,
			);
			runOnlyForDeploymentPostprocessing = 0;
		};
/* End PBXSourcesBuildPhase section */

/* Begin PBXTargetDependency section */
		4F293B9E14CCE88100020A09 /* PBXTargetDependency */ = {
			isa = PBXTargetDependency;
			target = 4F293B7614CCE88100020A09 /* Genesis */;
			targetProxy = 4F293B9D14CCE88100020A09 /* PBXContainerItemProxy */;
		};
/* End PBXTargetDependency section */

/* Begin PBXVariantGroup section */
		4F293B8614CCE88100020A09 /* InfoPlist.strings */ = {
			isa = PBXVariantGroup;
			children = (
				4F293B8714CCE88100020A09 /* en */,
			);
			name = InfoPlist.strings;
			sourceTree = "<group>";
		};
		4F293BA214CCE88100020A09 /* InfoPlist.strings */ = {
			isa = PBXVariantGroup;
			children = (
				4F293BA314CCE88100020A09 /* en */,
			);
			name = InfoPlist.strings;
			sourceTree = "<group>";
		};
/* End PBXVariantGroup section */

/* Begin XCBuildConfiguration section */
		4F293BA814CCE88100020A09 /* Debug */ = {
			isa = XCBuildConfiguration;
			buildSettings = {
				ALWAYS_SEARCH_USER_PATHS = NO;
				ARCHS = "$(ARCHS_STANDARD_32_BIT)";
				CLANG_ENABLE_OBJC_ARC = YES;
				"CODE_SIGN_IDENTITY[sdk=iphoneos*]" = "iPhone Developer";
				COPY_PHASE_STRIP = NO;
				GCC_C_LANGUAGE_STANDARD = gnu99;
				GCC_DYNAMIC_NO_PIC = NO;
				GCC_OPTIMIZATION_LEVEL = 0;
				GCC_PREPROCESSOR_DEFINITIONS = (
					"DEBUG=1",
					"$(inherited)",
				);
				GCC_SYMBOLS_PRIVATE_EXTERN = NO;
				GCC_VERSION = com.apple.compilers.llvm.clang.1_0;
				GCC_WARN_ABOUT_MISSING_PROTOTYPES = YES;
				GCC_WARN_ABOUT_RETURN_TYPE = YES;
				GCC_WARN_UNUSED_VARIABLE = YES;
				IPHONEOS_DEPLOYMENT_TARGET = 5.0;
				SDKROOT = iphoneos;
				TARGETED_DEVICE_FAMILY = "1,2";
			};
			name = Debug;
		};
		4F293BA914CCE88100020A09 /* Release */ = {
			isa = XCBuildConfiguration;
			buildSettings = {
				ALWAYS_SEARCH_USER_PATHS = NO;
				ARCHS = "$(ARCHS_STANDARD_32_BIT)";
				CLANG_ENABLE_OBJC_ARC = YES;
				"CODE_SIGN_IDENTITY[sdk=iphoneos*]" = "iPhone Developer";
				COPY_PHASE_STRIP = YES;
				GCC_C_LANGUAGE_STANDARD = gnu99;
				GCC_VERSION = com.apple.compilers.llvm.clang.1_0;
				GCC_WARN_ABOUT_MISSING_PROTOTYPES = YES;
				GCC_WARN_ABOUT_RETURN_TYPE = YES;
				GCC_WARN_UNUSED_VARIABLE = YES;
				IPHONEOS_DEPLOYMENT_TARGET = 5.0;
				OTHER_CFLAGS = "-DNS_BLOCK_ASSERTIONS=1";
				SDKROOT = iphoneos;
				TARGETED_DEVICE_FAMILY = "1,2";
				VALIDATE_PRODUCT = YES;
			};
			name = Release;
		};
		4F293BAB14CCE88100020A09 /* Debug */ = {
			isa = XCBuildConfiguration;
			buildSettings = {
				GCC_PRECOMPILE_PREFIX_HEADER = YES;
				GCC_PREFIX_HEADER = "Genesis/Genesis-Prefix.pch";
				HEADER_SEARCH_PATHS = /usr/include/libxml2;
				INFOPLIST_FILE = "Genesis/Genesis-Info.plist";
				OTHER_LDFLAGS = (
					"-ObjC",
					"-all_load",
				);
				PRODUCT_NAME = "$(TARGET_NAME)";
				WRAPPER_EXTENSION = app;
			};
			name = Debug;
		};
		4F293BAC14CCE88100020A09 /* Release */ = {
			isa = XCBuildConfiguration;
			buildSettings = {
				GCC_PRECOMPILE_PREFIX_HEADER = YES;
				GCC_PREFIX_HEADER = "Genesis/Genesis-Prefix.pch";
				HEADER_SEARCH_PATHS = /usr/include/libxml2;
				INFOPLIST_FILE = "Genesis/Genesis-Info.plist";
				OTHER_LDFLAGS = (
					"-ObjC",
					"-all_load",
				);
				PRODUCT_NAME = "$(TARGET_NAME)";
				WRAPPER_EXTENSION = app;
			};
			name = Release;
		};
		4F293BAE14CCE88100020A09 /* Debug */ = {
			isa = XCBuildConfiguration;
			buildSettings = {
				BUNDLE_LOADER = "$(BUILT_PRODUCTS_DIR)/Genesis.app/Genesis";
				FRAMEWORK_SEARCH_PATHS = (
					"$(SDKROOT)/Developer/Library/Frameworks",
					"$(DEVELOPER_LIBRARY_DIR)/Frameworks",
				);
				GCC_PRECOMPILE_PREFIX_HEADER = YES;
				GCC_PREFIX_HEADER = "Genesis/Genesis-Prefix.pch";
				INFOPLIST_FILE = "GenesisTests/GenesisTests-Info.plist";
				PRODUCT_NAME = "$(TARGET_NAME)";
				TEST_HOST = "$(BUNDLE_LOADER)";
				WRAPPER_EXTENSION = octest;
			};
			name = Debug;
		};
		4F293BAF14CCE88100020A09 /* Release */ = {
			isa = XCBuildConfiguration;
			buildSettings = {
				BUNDLE_LOADER = "$(BUILT_PRODUCTS_DIR)/Genesis.app/Genesis";
				FRAMEWORK_SEARCH_PATHS = (
					"$(SDKROOT)/Developer/Library/Frameworks",
					"$(DEVELOPER_LIBRARY_DIR)/Frameworks",
				);
				GCC_PRECOMPILE_PREFIX_HEADER = YES;
				GCC_PREFIX_HEADER = "Genesis/Genesis-Prefix.pch";
				INFOPLIST_FILE = "GenesisTests/GenesisTests-Info.plist";
				PRODUCT_NAME = "$(TARGET_NAME)";
				TEST_HOST = "$(BUNDLE_LOADER)";
				WRAPPER_EXTENSION = octest;
			};
			name = Release;
		};
/* End XCBuildConfiguration section */

/* Begin XCConfigurationList section */
		4F293B7114CCE88100020A09 /* Build configuration list for PBXProject "Genesis" */ = {
			isa = XCConfigurationList;
			buildConfigurations = (
				4F293BA814CCE88100020A09 /* Debug */,
				4F293BA914CCE88100020A09 /* Release */,
			);
			defaultConfigurationIsVisible = 0;
			defaultConfigurationName = Release;
		};
		4F293BAA14CCE88100020A09 /* Build configuration list for PBXNativeTarget "Genesis" */ = {
			isa = XCConfigurationList;
			buildConfigurations = (
				4F293BAB14CCE88100020A09 /* Debug */,
				4F293BAC14CCE88100020A09 /* Release */,
			);
			defaultConfigurationIsVisible = 0;
			defaultConfigurationName = Release;
		};
		4F293BAD14CCE88100020A09 /* Build configuration list for PBXNativeTarget "GenesisTests" */ = {
			isa = XCConfigurationList;
			buildConfigurations = (
				4F293BAE14CCE88100020A09 /* Debug */,
				4F293BAF14CCE88100020A09 /* Release */,
			);
			defaultConfigurationIsVisible = 0;
			defaultConfigurationName = Release;
		};
/* End XCConfigurationList section */

/* Begin XCVersionGroup section */
		4F293B8F14CCE88100020A09 /* Genesis.xcdatamodeld */ = {
			isa = XCVersionGroup;
			children = (
				4F293B9014CCE88100020A09 /* Genesis.xcdatamodel */,
			);
			currentVersion = 4F293B9014CCE88100020A09 /* Genesis.xcdatamodel */;
			path = Genesis.xcdatamodeld;
			sourceTree = "<group>";
			versionGroupType = wrapper.xcdatamodel;
		};
/* End XCVersionGroup section */
	};
	rootObject = 4F293B6E14CCE88100020A09 /* Project object */;
}
